
Microsoft Visual Studio Solution File, Format Version 12.00
# Visual Studio Version 17
VisualStudioVersion = 17.0.31919.166
MinimumVisualStudioVersion = 10.0.40219.1
Project("{FAE04EC0-301F-11D3-BF4B-00C04F79EFBC}") = "DesafioLibrary", "DesafioLibrary.csproj", "{B9320C9F-458D-49A0-A310-9EFA5B2A7FD9}"
EndProject
Global
	GlobalSection(SolutionConfigurationPlatforms) = preSolution
		Debug|Any CPU = Debug|Any CPU
		Release|Any CPU = Release|Any CPU
	EndGlobalSection
	GlobalSection(ProjectConfigurationPlatforms) = postSolution
		{B9320C9F-458D-49A0-A310-9EFA5B2A7FD9}.Debug|Any CPU.ActiveCfg = Debug|Any CPU
		{B9320C9F-458D-49A0-A310-9EFA5B2A7FD9}.Debug|Any CPU.Build.0 = Debug|Any CPU
		{B9320C9F-458D-49A0-A310-9EFA5B2A7FD9}.Release|Any CPU.ActiveCfg = Release|Any CPU
		{B9320C9F-458D-49A0-A310-9EFA5B2A7FD9}.Release|Any CPU.Build.0 = Release|Any CPU
	EndGlobalSection
	GlobalSection(SolutionProperties) = preSolution
		HideSolutionNode = FALSE
	EndGlobalSection
	GlobalSection(ExtensibilityGlobals) = postSolution
		SolutionGuid = {B76A7157-C448-4324-9A5B-C339B67910B1}
	EndGlobalSection
EndGlobal
